
Microsoft Visual Studio Solution File, Format Version 12.00
# Visual Studio Version 16
VisualStudioVersion = 16.0.31321.278
MinimumVisualStudioVersion = 10.0.40219.1
Project("{9A19103F-16F7-4668-BE54-9A1E7A4F7556}") = "TestTaskVueJsASPNET5", "TestTaskVueJsASPNET5\TestTaskVueJsASPNET5.csproj", "{35550317-0093-4688-B24E-D797A6526916}"
EndProject
Global
	GlobalSection(SolutionConfigurationPlatforms) = preSolution
		Debug|Any CPU = Debug|Any CPU
		Release|Any CPU = Release|Any CPU
	EndGlobalSection
	GlobalSection(ProjectConfigurationPlatforms) = postSolution
		{35550317-0093-4688-B24E-D797A6526916}.Debug|Any CPU.ActiveCfg = Debug|Any CPU
		{35550317-0093-4688-B24E-D797A6526916}.Debug|Any CPU.Build.0 = Debug|Any CPU
		{35550317-0093-4688-B24E-D797A6526916}.Release|Any CPU.ActiveCfg = Release|Any CPU
		{35550317-0093-4688-B24E-D797A6526916}.Release|Any CPU.Build.0 = Release|Any CPU
	EndGlobalSection
	GlobalSection(SolutionProperties) = preSolution
		HideSolutionNode = FALSE
	EndGlobalSection
	GlobalSection(ExtensibilityGlobals) = postSolution
		SolutionGuid = {290B6DFC-745D-4A3D-8E5D-2B9FAF85F388}
	EndGlobalSection
EndGlobal
